
Microsoft Visual Studio Solution File, Format Version 12.00
# Visual Studio Version 17
VisualStudioVersion = 17.10.35027.167
MinimumVisualStudioVersion = 10.0.40219.1
Project("{9A19103F-16F7-4668-BE54-9A1E7A4F7556}") = "VideoStreaming-App", "VideoStreaming-App\VideoStreaming-App.csproj", "{ADDA1103-066B-420B-9E8A-48FD9AC73AF6}"
EndProject
Project("{9A19103F-16F7-4668-BE54-9A1E7A4F7556}") = "Data", "Data\Data.csproj", "{1D747A7A-9766-455E-B29F-6CD6A8A890B6}"
EndProject
Project("{FAE04EC0-301F-11D3-BF4B-00C04F79EFBC}") = "Business", "Business\Business.csproj", "{130E8E07-F567-4B70-A071-DC8C5A1F6CB8}"
EndProject
Global
	GlobalSection(SolutionConfigurationPlatforms) = preSolution
		Debug|Any CPU = Debug|Any CPU
		Release|Any CPU = Release|Any CPU
	EndGlobalSection
	GlobalSection(ProjectConfigurationPlatforms) = postSolution
		{ADDA1103-066B-420B-9E8A-48FD9AC73AF6}.Debug|Any CPU.ActiveCfg = Debug|Any CPU
		{ADDA1103-066B-420B-9E8A-48FD9AC73AF6}.Debug|Any CPU.Build.0 = Debug|Any CPU
		{ADDA1103-066B-420B-9E8A-48FD9AC73AF6}.Release|Any CPU.ActiveCfg = Release|Any CPU
		{ADDA1103-066B-420B-9E8A-48FD9AC73AF6}.Release|Any CPU.Build.0 = Release|Any CPU
		{1D747A7A-9766-455E-B29F-6CD6A8A890B6}.Debug|Any CPU.ActiveCfg = Debug|Any CPU
		{1D747A7A-9766-455E-B29F-6CD6A8A890B6}.Debug|Any CPU.Build.0 = Debug|Any CPU
		{1D747A7A-9766-455E-B29F-6CD6A8A890B6}.Release|Any CPU.ActiveCfg = Release|Any CPU
		{1D747A7A-9766-455E-B29F-6CD6A8A890B6}.Release|Any CPU.Build.0 = Release|Any CPU
		{130E8E07-F567-4B70-A071-DC8C5A1F6CB8}.Debug|Any CPU.ActiveCfg = Debug|Any CPU
		{130E8E07-F567-4B70-A071-DC8C5A1F6CB8}.Debug|Any CPU.Build.0 = Debug|Any CPU
		{130E8E07-F567-4B70-A071-DC8C5A1F6CB8}.Release|Any CPU.ActiveCfg = Release|Any CPU
		{130E8E07-F567-4B70-A071-DC8C5A1F6CB8}.Release|Any CPU.Build.0 = Release|Any CPU
	EndGlobalSection
	GlobalSection(SolutionProperties) = preSolution
		HideSolutionNode = FALSE
	EndGlobalSection
	GlobalSection(ExtensibilityGlobals) = postSolution
		SolutionGuid = {883284B2-EC1C-429D-9813-C32620ABF151}
	EndGlobalSection
EndGlobal
